
Microsoft Visual Studio Solution File, Format Version 12.00
# Visual Studio Version 17
VisualStudioVersion = 17.7.34024.191
MinimumVisualStudioVersion = 10.0.40219.1
Project("{FAE04EC0-301F-11D3-BF4B-00C04F79EFBC}") = "EstacionamentoAPI", "EstacionamentoAPI\EstacionamentoAPI.csproj", "{F054A539-ABA5-4746-A51D-5E08605DE899}"
EndProject
Global
	GlobalSection(SolutionConfigurationPlatforms) = preSolution
		Debug|Any CPU = Debug|Any CPU
		Release|Any CPU = Release|Any CPU
	EndGlobalSection
	GlobalSection(ProjectConfigurationPlatforms) = postSolution
		{F054A539-ABA5-4746-A51D-5E08605DE899}.Debug|Any CPU.ActiveCfg = Debug|Any CPU
		{F054A539-ABA5-4746-A51D-5E08605DE899}.Debug|Any CPU.Build.0 = Debug|Any CPU
		{F054A539-ABA5-4746-A51D-5E08605DE899}.Release|Any CPU.ActiveCfg = Release|Any CPU
		{F054A539-ABA5-4746-A51D-5E08605DE899}.Release|Any CPU.Build.0 = Release|Any CPU
	EndGlobalSection
	GlobalSection(SolutionProperties) = preSolution
		HideSolutionNode = FALSE
	EndGlobalSection
	GlobalSection(ExtensibilityGlobals) = postSolution
		SolutionGuid = {949954B9-4121-4622-B5BD-B31693F3A3E6}
	EndGlobalSection
EndGlobal
